# Generated by pub
# See http://pub.dartlang.org/doc/glossary.html#lockfile
packages:
  asset_pack:
    description:
      ref: null
      resolved-ref: afada18c9332cc228c15ae8268c7faa5c9fee745
      url: "https://github.com/johnmccutchan/asset_pack.git"
    source: git
    version: "0.6.0"
  browser:
    description: browser
    source: hosted
    version: "0.4.2"
  json:
    description: json
    source: hosted
    version: "0.9.1"
  meta:
    description: meta
    source: hosted
    version: "0.4.2"
  simple_audio:
    description:
      ref: null
      resolved-ref: a87c1c44d85b80cf7b2cd47d9aa535ab0dc1b9a6
      url: "https://github.com/johnmccutchan/simpleaudio.git"
    source: git
    version: "0.9.0"
  unittest:
    description: unittest
    source: hosted
    version: "0.4.2"
