# Generated by pub
# See http://pub.dartlang.org/doc/glossary.html#lockfile
packages:
  dartlero:
    description:
      ref: null
      resolved-ref: df2c2a31f59734a31a9500a33684ff85e51f90c0
      url: "git://github.com/dzenanr/dartlero.git"
    source: git
    version: "0.0.7"
  meta:
    description: meta
    source: hosted
    version: "0.4.7+1"
  unittest:
    description: unittest
    source: hosted
    version: "0.4.7+1"
