        # Generated by pub. See: http://pub.dartlang.org/doc/glossary.html#lockfile
        packages:
      dartlero:
        description:
          ref: null
          resolved-ref: c1c36b4c5e7267e2e77067375e2a69405f9b59ce
          url: "https://github.com/dzenanr/dartlero"
        source: git
        version: "1.0.2"
      path:
        description: path
        source: hosted
        version: "0.9.0"
      stack_trace:
        description: stack_trace
        source: hosted
        version: "0.9.0"
      unittest:
        description: unittest
        source: hosted
        version: "0.9.0"
